
Microsoft Visual Studio Solution File, Format Version 12.00
# Visual Studio Version 17
VisualStudioVersion = 17.0.32112.339
MinimumVisualStudioVersion = 10.0.40219.1
Project("{9A19103F-16F7-4668-BE54-9A1E7A4F7556}") = "Core.Data.EF", "src\Core.Data.EF\Core.Data.EF.csproj", "{E7CBF01C-8AB9-419D-9DC7-1A3FF0B6A41C}"
EndProject
Project("{9A19103F-16F7-4668-BE54-9A1E7A4F7556}") = "Presentation.API", "src\Presentation.API\Presentation.API.csproj", "{CAAA185C-0CA3-4526-8F86-BCFC570B2D61}"
EndProject
Project("{9A19103F-16F7-4668-BE54-9A1E7A4F7556}") = "Core", "src\Core\Core.csproj", "{65352693-6928-47CD-8C4B-146166B194EE}"
EndProject
Project("{9A19103F-16F7-4668-BE54-9A1E7A4F7556}") = "Core.Data", "src\Core.Data\Core.Data.csproj", "{505C8918-8DE3-4FDB-8732-39B025796363}"
EndProject
Project("{9A19103F-16F7-4668-BE54-9A1E7A4F7556}") = "Application", "src\Application\Application.csproj", "{734F43E5-5976-4904-B5D4-FAADD33D7805}"
EndProject
Global
	GlobalSection(SolutionConfigurationPlatforms) = preSolution
		Debug|Any CPU = Debug|Any CPU
		Release|Any CPU = Release|Any CPU
	EndGlobalSection
	GlobalSection(ProjectConfigurationPlatforms) = postSolution
		{E7CBF01C-8AB9-419D-9DC7-1A3FF0B6A41C}.Debug|Any CPU.ActiveCfg = Debug|Any CPU
		{E7CBF01C-8AB9-419D-9DC7-1A3FF0B6A41C}.Debug|Any CPU.Build.0 = Debug|Any CPU
		{E7CBF01C-8AB9-419D-9DC7-1A3FF0B6A41C}.Release|Any CPU.ActiveCfg = Release|Any CPU
		{E7CBF01C-8AB9-419D-9DC7-1A3FF0B6A41C}.Release|Any CPU.Build.0 = Release|Any CPU
		{CAAA185C-0CA3-4526-8F86-BCFC570B2D61}.Debug|Any CPU.ActiveCfg = Debug|Any CPU
		{CAAA185C-0CA3-4526-8F86-BCFC570B2D61}.Debug|Any CPU.Build.0 = Debug|Any CPU
		{CAAA185C-0CA3-4526-8F86-BCFC570B2D61}.Release|Any CPU.ActiveCfg = Release|Any CPU
		{CAAA185C-0CA3-4526-8F86-BCFC570B2D61}.Release|Any CPU.Build.0 = Release|Any CPU
		{65352693-6928-47CD-8C4B-146166B194EE}.Debug|Any CPU.ActiveCfg = Debug|Any CPU
		{65352693-6928-47CD-8C4B-146166B194EE}.Debug|Any CPU.Build.0 = Debug|Any CPU
		{65352693-6928-47CD-8C4B-146166B194EE}.Release|Any CPU.ActiveCfg = Release|Any CPU
		{65352693-6928-47CD-8C4B-146166B194EE}.Release|Any CPU.Build.0 = Release|Any CPU
		{505C8918-8DE3-4FDB-8732-39B025796363}.Debug|Any CPU.ActiveCfg = Debug|Any CPU
		{505C8918-8DE3-4FDB-8732-39B025796363}.Debug|Any CPU.Build.0 = Debug|Any CPU
		{505C8918-8DE3-4FDB-8732-39B025796363}.Release|Any CPU.ActiveCfg = Release|Any CPU
		{505C8918-8DE3-4FDB-8732-39B025796363}.Release|Any CPU.Build.0 = Release|Any CPU
		{734F43E5-5976-4904-B5D4-FAADD33D7805}.Debug|Any CPU.ActiveCfg = Debug|Any CPU
		{734F43E5-5976-4904-B5D4-FAADD33D7805}.Debug|Any CPU.Build.0 = Debug|Any CPU
		{734F43E5-5976-4904-B5D4-FAADD33D7805}.Release|Any CPU.ActiveCfg = Release|Any CPU
		{734F43E5-5976-4904-B5D4-FAADD33D7805}.Release|Any CPU.Build.0 = Release|Any CPU
	EndGlobalSection
	GlobalSection(SolutionProperties) = preSolution
		HideSolutionNode = FALSE
	EndGlobalSection
	GlobalSection(ExtensibilityGlobals) = postSolution
		SolutionGuid = {F301114C-2400-4961-B5FC-1A4A3FD10788}
	EndGlobalSection
EndGlobal
